
Microsoft Visual Studio Solution File, Format Version 12.00
# Visual Studio Version 17
VisualStudioVersion = 17.2.32519.379
MinimumVisualStudioVersion = 10.0.40219.1
Project("{FAE04EC0-301F-11D3-BF4B-00C04F79EFBC}") = "pryValdezLP2", "pryValdezLP2\pryValdezLP2.csproj", "{3DC08B0A-926E-48EA-9874-2F0C64D73008}"
EndProject
Global
	GlobalSection(SolutionConfigurationPlatforms) = preSolution
		Debug|Any CPU = Debug|Any CPU
		Release|Any CPU = Release|Any CPU
	EndGlobalSection
	GlobalSection(ProjectConfigurationPlatforms) = postSolution
		{3DC08B0A-926E-48EA-9874-2F0C64D73008}.Debug|Any CPU.ActiveCfg = Debug|Any CPU
		{3DC08B0A-926E-48EA-9874-2F0C64D73008}.Debug|Any CPU.Build.0 = Debug|Any CPU
		{3DC08B0A-926E-48EA-9874-2F0C64D73008}.Release|Any CPU.ActiveCfg = Release|Any CPU
		{3DC08B0A-926E-48EA-9874-2F0C64D73008}.Release|Any CPU.Build.0 = Release|Any CPU
	EndGlobalSection
	GlobalSection(SolutionProperties) = preSolution
		HideSolutionNode = FALSE
	EndGlobalSection
	GlobalSection(ExtensibilityGlobals) = postSolution
		SolutionGuid = {2447910A-21EB-4628-B692-80DDBD3B9BFD}
	EndGlobalSection
EndGlobal
